
Microsoft Visual Studio Solution File, Format Version 12.00
# Visual Studio Version 17
VisualStudioVersion = 17.11.35327.3
MinimumVisualStudioVersion = 10.0.40219.1
Project("{FAE04EC0-301F-11D3-BF4B-00C04F79EFBC}") = "Tasks on arrays", "Tasks on arrays\Tasks on arrays.csproj", "{B64667E7-A9CB-4A8E-A743-B706122843D3}"
EndProject
Project("{FAE04EC0-301F-11D3-BF4B-00C04F79EFBC}") = "Task 1", "Task 1\Task 1.csproj", "{D82B06BD-854B-4E1C-9EF0-17AC6CE48A45}"
EndProject
Project("{FAE04EC0-301F-11D3-BF4B-00C04F79EFBC}") = "Task 2", "Task 2\Task 2.csproj", "{98125E8D-719F-482F-A0B9-3BC107DC245C}"
EndProject
Project("{FAE04EC0-301F-11D3-BF4B-00C04F79EFBC}") = "Task 3", "Task 3\Task 3.csproj", "{74EB3F13-258B-4877-B5F8-4BB3D11052A6}"
EndProject
Project("{FAE04EC0-301F-11D3-BF4B-00C04F79EFBC}") = "Task 4", "Task 4\Task 4.csproj", "{EC96DB50-A8DE-44E3-A843-151A716D4888}"
EndProject
Project("{FAE04EC0-301F-11D3-BF4B-00C04F79EFBC}") = "Task 5", "Task 5\Task 5.csproj", "{6421B34F-D9DD-48F2-AC47-0D56E3305925}"
EndProject
Project("{FAE04EC0-301F-11D3-BF4B-00C04F79EFBC}") = "Task 6", "Task 6\Task 6.csproj", "{93CF7F27-0A22-47FB-AC52-0225F9304F2F}"
EndProject
Project("{FAE04EC0-301F-11D3-BF4B-00C04F79EFBC}") = "Task 7", "Task 7\Task 7.csproj", "{0411D260-2768-4668-AC45-57C419DFA71D}"
EndProject
Project("{FAE04EC0-301F-11D3-BF4B-00C04F79EFBC}") = "Task 8", "Task 8\Task 8.csproj", "{EB491BAB-BC22-4D26-9570-DF229E67C04E}"
EndProject
Project("{FAE04EC0-301F-11D3-BF4B-00C04F79EFBC}") = "Task 9", "Task 9\Task 9.csproj", "{2B8C1656-BAC3-43DF-A1D1-ED013C0F38C7}"
EndProject
Global
	GlobalSection(SolutionConfigurationPlatforms) = preSolution
		Debug|Any CPU = Debug|Any CPU
		Release|Any CPU = Release|Any CPU
	EndGlobalSection
	GlobalSection(ProjectConfigurationPlatforms) = postSolution
		{B64667E7-A9CB-4A8E-A743-B706122843D3}.Debug|Any CPU.ActiveCfg = Debug|Any CPU
		{B64667E7-A9CB-4A8E-A743-B706122843D3}.Debug|Any CPU.Build.0 = Debug|Any CPU
		{B64667E7-A9CB-4A8E-A743-B706122843D3}.Release|Any CPU.ActiveCfg = Release|Any CPU
		{B64667E7-A9CB-4A8E-A743-B706122843D3}.Release|Any CPU.Build.0 = Release|Any CPU
		{D82B06BD-854B-4E1C-9EF0-17AC6CE48A45}.Debug|Any CPU.ActiveCfg = Debug|Any CPU
		{D82B06BD-854B-4E1C-9EF0-17AC6CE48A45}.Debug|Any CPU.Build.0 = Debug|Any CPU
		{D82B06BD-854B-4E1C-9EF0-17AC6CE48A45}.Release|Any CPU.ActiveCfg = Release|Any CPU
		{D82B06BD-854B-4E1C-9EF0-17AC6CE48A45}.Release|Any CPU.Build.0 = Release|Any CPU
		{98125E8D-719F-482F-A0B9-3BC107DC245C}.Debug|Any CPU.ActiveCfg = Debug|Any CPU
		{98125E8D-719F-482F-A0B9-3BC107DC245C}.Debug|Any CPU.Build.0 = Debug|Any CPU
		{98125E8D-719F-482F-A0B9-3BC107DC245C}.Release|Any CPU.ActiveCfg = Release|Any CPU
		{98125E8D-719F-482F-A0B9-3BC107DC245C}.Release|Any CPU.Build.0 = Release|Any CPU
		{74EB3F13-258B-4877-B5F8-4BB3D11052A6}.Debug|Any CPU.ActiveCfg = Debug|Any CPU
		{74EB3F13-258B-4877-B5F8-4BB3D11052A6}.Debug|Any CPU.Build.0 = Debug|Any CPU
		{74EB3F13-258B-4877-B5F8-4BB3D11052A6}.Release|Any CPU.ActiveCfg = Release|Any CPU
		{74EB3F13-258B-4877-B5F8-4BB3D11052A6}.Release|Any CPU.Build.0 = Release|Any CPU
		{EC96DB50-A8DE-44E3-A843-151A716D4888}.Debug|Any CPU.ActiveCfg = Debug|Any CPU
		{EC96DB50-A8DE-44E3-A843-151A716D4888}.Debug|Any CPU.Build.0 = Debug|Any CPU
		{EC96DB50-A8DE-44E3-A843-151A716D4888}.Release|Any CPU.ActiveCfg = Release|Any CPU
		{EC96DB50-A8DE-44E3-A843-151A716D4888}.Release|Any CPU.Build.0 = Release|Any CPU
		{6421B34F-D9DD-48F2-AC47-0D56E3305925}.Debug|Any CPU.ActiveCfg = Debug|Any CPU
		{6421B34F-D9DD-48F2-AC47-0D56E3305925}.Debug|Any CPU.Build.0 = Debug|Any CPU
		{6421B34F-D9DD-48F2-AC47-0D56E3305925}.Release|Any CPU.ActiveCfg = Release|Any CPU
		{6421B34F-D9DD-48F2-AC47-0D56E3305925}.Release|Any CPU.Build.0 = Release|Any CPU
		{93CF7F27-0A22-47FB-AC52-0225F9304F2F}.Debug|Any CPU.ActiveCfg = Debug|Any CPU
		{93CF7F27-0A22-47FB-AC52-0225F9304F2F}.Debug|Any CPU.Build.0 = Debug|Any CPU
		{93CF7F27-0A22-47FB-AC52-0225F9304F2F}.Release|Any CPU.ActiveCfg = Release|Any CPU
		{93CF7F27-0A22-47FB-AC52-0225F9304F2F}.Release|Any CPU.Build.0 = Release|Any CPU
		{0411D260-2768-4668-AC45-57C419DFA71D}.Debug|Any CPU.ActiveCfg = Debug|Any CPU
		{0411D260-2768-4668-AC45-57C419DFA71D}.Debug|Any CPU.Build.0 = Debug|Any CPU
		{0411D260-2768-4668-AC45-57C419DFA71D}.Release|Any CPU.ActiveCfg = Release|Any CPU
		{0411D260-2768-4668-AC45-57C419DFA71D}.Release|Any CPU.Build.0 = Release|Any CPU
		{EB491BAB-BC22-4D26-9570-DF229E67C04E}.Debug|Any CPU.ActiveCfg = Debug|Any CPU
		{EB491BAB-BC22-4D26-9570-DF229E67C04E}.Debug|Any CPU.Build.0 = Debug|Any CPU
		{EB491BAB-BC22-4D26-9570-DF229E67C04E}.Release|Any CPU.ActiveCfg = Release|Any CPU
		{EB491BAB-BC22-4D26-9570-DF229E67C04E}.Release|Any CPU.Build.0 = Release|Any CPU
		{2B8C1656-BAC3-43DF-A1D1-ED013C0F38C7}.Debug|Any CPU.ActiveCfg = Debug|Any CPU
		{2B8C1656-BAC3-43DF-A1D1-ED013C0F38C7}.Debug|Any CPU.Build.0 = Debug|Any CPU
		{2B8C1656-BAC3-43DF-A1D1-ED013C0F38C7}.Release|Any CPU.ActiveCfg = Release|Any CPU
		{2B8C1656-BAC3-43DF-A1D1-ED013C0F38C7}.Release|Any CPU.Build.0 = Release|Any CPU
	EndGlobalSection
	GlobalSection(SolutionProperties) = preSolution
		HideSolutionNode = FALSE
	EndGlobalSection
	GlobalSection(ExtensibilityGlobals) = postSolution
		SolutionGuid = {CC65F8E7-9385-48F6-B5DF-CF29EC22A5AC}
	EndGlobalSection
EndGlobal
